
Microsoft Visual Studio Solution File, Format Version 12.00
# Visual Studio 15
VisualStudioVersion = 15.0.26124.0
MinimumVisualStudioVersion = 15.0.26124.0
Project("{9A19103F-16F7-4668-BE54-9A1E7A4F7556}") = "R5T.Oxford.Rivet.Construction", "R5T.Oxford.Rivet.Construction\R5T.Oxford.Rivet.Construction.csproj", "{0E371F48-7278-4378-83E6-57258AAA3019}"
EndProject
Project("{9A19103F-16F7-4668-BE54-9A1E7A4F7556}") = "R5T.Oxford.Rivet", "R5T.Oxford.Rivet\R5T.Oxford.Rivet.csproj", "{260F533E-D99E-43FB-9E73-87A14673B7CF}"
EndProject
Project("{9A19103F-16F7-4668-BE54-9A1E7A4F7556}") = "R5T.Oxford.Rivet.Testing", "R5T.Oxford.Rivet.Testing\R5T.Oxford.Rivet.Testing.csproj", "{7115026F-F38B-4540-8548-742E24012E01}"
EndProject
Project("{2150E333-8FDC-42A3-9474-1A3956D46DE8}") = "_Dependencies", "_Dependencies", "{1665909F-342B-4EF2-A7A9-F7F596838AEE}"
EndProject
Project("{9A19103F-16F7-4668-BE54-9A1E7A4F7556}") = "R5T.Ostrogothia.Rivet", "..\..\R5T.Ostrogothia.Rivet\source\R5T.Ostrogothia.Rivet\R5T.Ostrogothia.Rivet.csproj", "{653E6F16-A256-4B8D-8C37-4B4E94A6F0B2}"
EndProject
Project("{9A19103F-16F7-4668-BE54-9A1E7A4F7556}") = "R5T.Oxford.Base", "..\..\R5T.Oxford.Base\source\R5T.Oxford.Base\R5T.Oxford.Base.csproj", "{2560CE44-0C1D-4A3A-A110-AD5325E6C53F}"
EndProject
Project("{9A19103F-16F7-4668-BE54-9A1E7A4F7556}") = "R5T.Ostrogothia", "..\..\R5T.Ostrogothia\source\R5T.Ostrogothia\R5T.Ostrogothia.csproj", "{33735E61-8806-4216-A21E-16A05009F204}"
EndProject
Project("{FAE04EC0-301F-11D3-BF4B-00C04F79EFBC}") = "R5T.T0064", "..\..\R5T.T0064\source\R5T.T0064\R5T.T0064.csproj", "{702E07BD-55D7-48D6-8F36-4293BEFC7487}"
EndProject
Global
	GlobalSection(SolutionConfigurationPlatforms) = preSolution
		Debug|Any CPU = Debug|Any CPU
		Debug|x64 = Debug|x64
		Debug|x86 = Debug|x86
		Release|Any CPU = Release|Any CPU
		Release|x64 = Release|x64
		Release|x86 = Release|x86
	EndGlobalSection
	GlobalSection(ProjectConfigurationPlatforms) = postSolution
		{0E371F48-7278-4378-83E6-57258AAA3019}.Debug|Any CPU.ActiveCfg = Debug|Any CPU
		{0E371F48-7278-4378-83E6-57258AAA3019}.Debug|Any CPU.Build.0 = Debug|Any CPU
		{0E371F48-7278-4378-83E6-57258AAA3019}.Debug|x64.ActiveCfg = Debug|Any CPU
		{0E371F48-7278-4378-83E6-57258AAA3019}.Debug|x64.Build.0 = Debug|Any CPU
		{0E371F48-7278-4378-83E6-57258AAA3019}.Debug|x86.ActiveCfg = Debug|Any CPU
		{0E371F48-7278-4378-83E6-57258AAA3019}.Debug|x86.Build.0 = Debug|Any CPU
		{0E371F48-7278-4378-83E6-57258AAA3019}.Release|Any CPU.ActiveCfg = Release|Any CPU
		{0E371F48-7278-4378-83E6-57258AAA3019}.Release|Any CPU.Build.0 = Release|Any CPU
		{0E371F48-7278-4378-83E6-57258AAA3019}.Release|x64.ActiveCfg = Release|Any CPU
		{0E371F48-7278-4378-83E6-57258AAA3019}.Release|x64.Build.0 = Release|Any CPU
		{0E371F48-7278-4378-83E6-57258AAA3019}.Release|x86.ActiveCfg = Release|Any CPU
		{0E371F48-7278-4378-83E6-57258AAA3019}.Release|x86.Build.0 = Release|Any CPU
		{260F533E-D99E-43FB-9E73-87A14673B7CF}.Debug|Any CPU.ActiveCfg = Debug|Any CPU
		{260F533E-D99E-43FB-9E73-87A14673B7CF}.Debug|Any CPU.Build.0 = Debug|Any CPU
		{260F533E-D99E-43FB-9E73-87A14673B7CF}.Debug|x64.ActiveCfg = Debug|Any CPU
		{260F533E-D99E-43FB-9E73-87A14673B7CF}.Debug|x64.Build.0 = Debug|Any CPU
		{260F533E-D99E-43FB-9E73-87A14673B7CF}.Debug|x86.ActiveCfg = Debug|Any CPU
		{260F533E-D99E-43FB-9E73-87A14673B7CF}.Debug|x86.Build.0 = Debug|Any CPU
		{260F533E-D99E-43FB-9E73-87A14673B7CF}.Release|Any CPU.ActiveCfg = Release|Any CPU
		{260F533E-D99E-43FB-9E73-87A14673B7CF}.Release|Any CPU.Build.0 = Release|Any CPU
		{260F533E-D99E-43FB-9E73-87A14673B7CF}.Release|x64.ActiveCfg = Release|Any CPU
		{260F533E-D99E-43FB-9E73-87A14673B7CF}.Release|x64.Build.0 = Release|Any CPU
		{260F533E-D99E-43FB-9E73-87A14673B7CF}.Release|x86.ActiveCfg = Release|Any CPU
		{260F533E-D99E-43FB-9E73-87A14673B7CF}.Release|x86.Build.0 = Release|Any CPU
		{7115026F-F38B-4540-8548-742E24012E01}.Debug|Any CPU.ActiveCfg = Debug|Any CPU
		{7115026F-F38B-4540-8548-742E24012E01}.Debug|Any CPU.Build.0 = Debug|Any CPU
		{7115026F-F38B-4540-8548-742E24012E01}.Debug|x64.ActiveCfg = Debug|Any CPU
		{7115026F-F38B-4540-8548-742E24012E01}.Debug|x64.Build.0 = Debug|Any CPU
		{7115026F-F38B-4540-8548-742E24012E01}.Debug|x86.ActiveCfg = Debug|Any CPU
		{7115026F-F38B-4540-8548-742E24012E01}.Debug|x86.Build.0 = Debug|Any CPU
		{7115026F-F38B-4540-8548-742E24012E01}.Release|Any CPU.ActiveCfg = Release|Any CPU
		{7115026F-F38B-4540-8548-742E24012E01}.Release|Any CPU.Build.0 = Release|Any CPU
		{7115026F-F38B-4540-8548-742E24012E01}.Release|x64.ActiveCfg = Release|Any CPU
		{7115026F-F38B-4540-8548-742E24012E01}.Release|x64.Build.0 = Release|Any CPU
		{7115026F-F38B-4540-8548-742E24012E01}.Release|x86.ActiveCfg = Release|Any CPU
		{7115026F-F38B-4540-8548-742E24012E01}.Release|x86.Build.0 = Release|Any CPU
		{653E6F16-A256-4B8D-8C37-4B4E94A6F0B2}.Debug|Any CPU.ActiveCfg = Debug|Any CPU
		{653E6F16-A256-4B8D-8C37-4B4E94A6F0B2}.Debug|Any CPU.Build.0 = Debug|Any CPU
		{653E6F16-A256-4B8D-8C37-4B4E94A6F0B2}.Debug|x64.ActiveCfg = Debug|Any CPU
		{653E6F16-A256-4B8D-8C37-4B4E94A6F0B2}.Debug|x64.Build.0 = Debug|Any CPU
		{653E6F16-A256-4B8D-8C37-4B4E94A6F0B2}.Debug|x86.ActiveCfg = Debug|Any CPU
		{653E6F16-A256-4B8D-8C37-4B4E94A6F0B2}.Debug|x86.Build.0 = Debug|Any CPU
		{653E6F16-A256-4B8D-8C37-4B4E94A6F0B2}.Release|Any CPU.ActiveCfg = Release|Any CPU
		{653E6F16-A256-4B8D-8C37-4B4E94A6F0B2}.Release|Any CPU.Build.0 = Release|Any CPU
		{653E6F16-A256-4B8D-8C37-4B4E94A6F0B2}.Release|x64.ActiveCfg = Release|Any CPU
		{653E6F16-A256-4B8D-8C37-4B4E94A6F0B2}.Release|x64.Build.0 = Release|Any CPU
		{653E6F16-A256-4B8D-8C37-4B4E94A6F0B2}.Release|x86.ActiveCfg = Release|Any CPU
		{653E6F16-A256-4B8D-8C37-4B4E94A6F0B2}.Release|x86.Build.0 = Release|Any CPU
		{2560CE44-0C1D-4A3A-A110-AD5325E6C53F}.Debug|Any CPU.ActiveCfg = Debug|Any CPU
		{2560CE44-0C1D-4A3A-A110-AD5325E6C53F}.Debug|Any CPU.Build.0 = Debug|Any CPU
		{2560CE44-0C1D-4A3A-A110-AD5325E6C53F}.Debug|x64.ActiveCfg = Debug|Any CPU
		{2560CE44-0C1D-4A3A-A110-AD5325E6C53F}.Debug|x64.Build.0 = Debug|Any CPU
		{2560CE44-0C1D-4A3A-A110-AD5325E6C53F}.Debug|x86.ActiveCfg = Debug|Any CPU
		{2560CE44-0C1D-4A3A-A110-AD5325E6C53F}.Debug|x86.Build.0 = Debug|Any CPU
		{2560CE44-0C1D-4A3A-A110-AD5325E6C53F}.Release|Any CPU.ActiveCfg = Release|Any CPU
		{2560CE44-0C1D-4A3A-A110-AD5325E6C53F}.Release|Any CPU.Build.0 = Release|Any CPU
		{2560CE44-0C1D-4A3A-A110-AD5325E6C53F}.Release|x64.ActiveCfg = Release|Any CPU
		{2560CE44-0C1D-4A3A-A110-AD5325E6C53F}.Release|x64.Build.0 = Release|Any CPU
		{2560CE44-0C1D-4A3A-A110-AD5325E6C53F}.Release|x86.ActiveCfg = Release|Any CPU
		{2560CE44-0C1D-4A3A-A110-AD5325E6C53F}.Release|x86.Build.0 = Release|Any CPU
		{33735E61-8806-4216-A21E-16A05009F204}.Debug|Any CPU.ActiveCfg = Debug|Any CPU
		{33735E61-8806-4216-A21E-16A05009F204}.Debug|Any CPU.Build.0 = Debug|Any CPU
		{33735E61-8806-4216-A21E-16A05009F204}.Debug|x64.ActiveCfg = Debug|Any CPU
		{33735E61-8806-4216-A21E-16A05009F204}.Debug|x64.Build.0 = Debug|Any CPU
		{33735E61-8806-4216-A21E-16A05009F204}.Debug|x86.ActiveCfg = Debug|Any CPU
		{33735E61-8806-4216-A21E-16A05009F204}.Debug|x86.Build.0 = Debug|Any CPU
		{33735E61-8806-4216-A21E-16A05009F204}.Release|Any CPU.ActiveCfg = Release|Any CPU
		{33735E61-8806-4216-A21E-16A05009F204}.Release|Any CPU.Build.0 = Release|Any CPU
		{33735E61-8806-4216-A21E-16A05009F204}.Release|x64.ActiveCfg = Release|Any CPU
		{33735E61-8806-4216-A21E-16A05009F204}.Release|x64.Build.0 = Release|Any CPU
		{33735E61-8806-4216-A21E-16A05009F204}.Release|x86.ActiveCfg = Release|Any CPU
		{33735E61-8806-4216-A21E-16A05009F204}.Release|x86.Build.0 = Release|Any CPU
		{702E07BD-55D7-48D6-8F36-4293BEFC7487}.Debug|Any CPU.ActiveCfg = Debug|Any CPU
		{702E07BD-55D7-48D6-8F36-4293BEFC7487}.Debug|Any CPU.Build.0 = Debug|Any CPU
		{702E07BD-55D7-48D6-8F36-4293BEFC7487}.Debug|x64.ActiveCfg = Debug|Any CPU
		{702E07BD-55D7-48D6-8F36-4293BEFC7487}.Debug|x64.Build.0 = Debug|Any CPU
		{702E07BD-55D7-48D6-8F36-4293BEFC7487}.Debug|x86.ActiveCfg = Debug|Any CPU
		{702E07BD-55D7-48D6-8F36-4293BEFC7487}.Debug|x86.Build.0 = Debug|Any CPU
		{702E07BD-55D7-48D6-8F36-4293BEFC7487}.Release|Any CPU.ActiveCfg = Release|Any CPU
		{702E07BD-55D7-48D6-8F36-4293BEFC7487}.Release|Any CPU.Build.0 = Release|Any CPU
		{702E07BD-55D7-48D6-8F36-4293BEFC7487}.Release|x64.ActiveCfg = Release|Any CPU
		{702E07BD-55D7-48D6-8F36-4293BEFC7487}.Release|x64.Build.0 = Release|Any CPU
		{702E07BD-55D7-48D6-8F36-4293BEFC7487}.Release|x86.ActiveCfg = Release|Any CPU
		{702E07BD-55D7-48D6-8F36-4293BEFC7487}.Release|x86.Build.0 = Release|Any CPU
	EndGlobalSection
	GlobalSection(SolutionProperties) = preSolution
		HideSolutionNode = FALSE
	EndGlobalSection
	GlobalSection(NestedProjects) = preSolution
		{653E6F16-A256-4B8D-8C37-4B4E94A6F0B2} = {1665909F-342B-4EF2-A7A9-F7F596838AEE}
		{2560CE44-0C1D-4A3A-A110-AD5325E6C53F} = {1665909F-342B-4EF2-A7A9-F7F596838AEE}
		{33735E61-8806-4216-A21E-16A05009F204} = {1665909F-342B-4EF2-A7A9-F7F596838AEE}
		{702E07BD-55D7-48D6-8F36-4293BEFC7487} = {1665909F-342B-4EF2-A7A9-F7F596838AEE}
	EndGlobalSection
	GlobalSection(ExtensibilityGlobals) = postSolution
		SolutionGuid = {569A335A-1869-40CC-97DA-F84664F3D520}
	EndGlobalSection
EndGlobal
